// !$*UTF8*$!
{
	archiveVersion = 1;
	classes = {
	};
	objectVersion = 50;
	objects = {

/* Begin PBXBuildFile section */
		45035CA9272CEA9500E07826 /* TodoInfoDataStoreTest.swift in Sources */ = {isa = PBXBuildFile; fileRef = 45035CA8272CEA9500E07826 /* TodoInfoDataStoreTest.swift */; };
		45035CAE2748C76700E07826 /* AppRouter.swift in Sources */ = {isa = PBXBuildFile; fileRef = 45035CAD2748C76700E07826 /* AppRouter.swift */; };
		451B941B26EBAC690006975E /* CoreDataManager.swift in Sources */ = {isa = PBXBuildFile; fileRef = 451B941A26EBAC690006975E /* CoreDataManager.swift */; };
		456DFBFA26BD1E6C004288F5 /* SwiftUI_training_TodoListApp.swift in Sources */ = {isa = PBXBuildFile; fileRef = 456DFBF926BD1E6C004288F5 /* SwiftUI_training_TodoListApp.swift */; };
		456DFBFE26BD1E6D004288F5 /* Assets.xcassets in Resources */ = {isa = PBXBuildFile; fileRef = 456DFBFD26BD1E6D004288F5 /* Assets.xcassets */; };
		456DFC0126BD1E6D004288F5 /* Preview Assets.xcassets in Resources */ = {isa = PBXBuildFile; fileRef = 456DFC0026BD1E6D004288F5 /* Preview Assets.xcassets */; };
		456DFC0626BD1E6D004288F5 /* SwiftUI_training_TodoList.xcdatamodeld in Sources */ = {isa = PBXBuildFile; fileRef = 456DFC0426BD1E6D004288F5 /* SwiftUI_training_TodoList.xcdatamodeld */; };
		457190A027532B2F0020E9D5 /* CoreDataEnvironment.swift in Sources */ = {isa = PBXBuildFile; fileRef = 4571909F27532B2F0020E9D5 /* CoreDataEnvironment.swift */; };
		4579B3BC26CFFF4100FA7A7A /* TodoInfoDataStore.swift in Sources */ = {isa = PBXBuildFile; fileRef = 4579B3BB26CFFF4100FA7A7A /* TodoInfoDataStore.swift */; };
		45A80E3227783AE700984ADB /* CoreDataInsertPublisherTest.swift in Sources */ = {isa = PBXBuildFile; fileRef = 45A80E3127783AE700984ADB /* CoreDataInsertPublisherTest.swift */; };
		45AF9DE327056CA0008E7613 /* TodoListViewModel.swift in Sources */ = {isa = PBXBuildFile; fileRef = 45AF9DE227056CA0008E7613 /* TodoListViewModel.swift */; };
		45AF9DE5270B3A19008E7613 /* TodoListView.swift in Sources */ = {isa = PBXBuildFile; fileRef = 45AF9DE4270B3A19008E7613 /* TodoListView.swift */; };
		45AF9DE9270B458C008E7613 /* TodoCellView.swift in Sources */ = {isa = PBXBuildFile; fileRef = 45AF9DE8270B458C008E7613 /* TodoCellView.swift */; };
		45AF9DED270F2A4F008E7613 /* TodoInfo.swift in Sources */ = {isa = PBXBuildFile; fileRef = 45AF9DEC270F2A4F008E7613 /* TodoInfo.swift */; };
		45AF9DEF27113B48008E7613 /* CoreDataSavePublisher.swift in Sources */ = {isa = PBXBuildFile; fileRef = 45AF9DEE27113B48008E7613 /* CoreDataSavePublisher.swift */; };
		45AF9DF227114095008E7613 /* Todo+CoreDataClass.swift in Sources */ = {isa = PBXBuildFile; fileRef = 45AF9DF027114095008E7613 /* Todo+CoreDataClass.swift */; };
		45AF9DF327114095008E7613 /* Todo+CoreDataProperties.swift in Sources */ = {isa = PBXBuildFile; fileRef = 45AF9DF127114095008E7613 /* Todo+CoreDataProperties.swift */; };
		45AF9DF5271172BD008E7613 /* CoreDataFetchPublisher.swift in Sources */ = {isa = PBXBuildFile; fileRef = 45AF9DF4271172BD008E7613 /* CoreDataFetchPublisher.swift */; };
		45AF9DF727118466008E7613 /* CoreDataDeletePublisher.swift in Sources */ = {isa = PBXBuildFile; fileRef = 45AF9DF627118466008E7613 /* CoreDataDeletePublisher.swift */; };
		45AF9DF927145C4F008E7613 /* CoreDataInsertPublisher.swift in Sources */ = {isa = PBXBuildFile; fileRef = 45AF9DF827145C4F008E7613 /* CoreDataInsertPublisher.swift */; };
		45AF9DFB2719D0E1008E7613 /* NewTodoView.swift in Sources */ = {isa = PBXBuildFile; fileRef = 45AF9DFA2719D0E1008E7613 /* NewTodoView.swift */; };
		45AF9DFD2719D401008E7613 /* NewTodoViewModel.swift in Sources */ = {isa = PBXBuildFile; fileRef = 45AF9DFC2719D401008E7613 /* NewTodoViewModel.swift */; };
/* End PBXBuildFile section */

/* Begin PBXContainerItemProxy section */
		45035CA2272CEA6100E07826 /* PBXContainerItemProxy */ = {
			isa = PBXContainerItemProxy;
			containerPortal = 456DFBEE26BD1E6C004288F5 /* Project object */;
			proxyType = 1;
			remoteGlobalIDString = 456DFBF526BD1E6C004288F5;
			remoteInfo = "SwiftUI-training-TodoList";
		};
/* End PBXContainerItemProxy section */

/* Begin PBXFileReference section */
		45035C9E272CEA6100E07826 /* SwiftUI-training-TodoListTests.xctest */ = {isa = PBXFileReference; explicitFileType = wrapper.cfbundle; includeInIndex = 0; path = "SwiftUI-training-TodoListTests.xctest"; sourceTree = BUILT_PRODUCTS_DIR; };
		45035CA8272CEA9500E07826 /* TodoInfoDataStoreTest.swift */ = {isa = PBXFileReference; lastKnownFileType = sourcecode.swift; path = TodoInfoDataStoreTest.swift; sourceTree = "<group>"; };
		45035CAD2748C76700E07826 /* AppRouter.swift */ = {isa = PBXFileReference; lastKnownFileType = sourcecode.swift; path = AppRouter.swift; sourceTree = "<group>"; };
		451B941A26EBAC690006975E /* CoreDataManager.swift */ = {isa = PBXFileReference; lastKnownFileType = sourcecode.swift; path = CoreDataManager.swift; sourceTree = "<group>"; };
		456DFBF626BD1E6C004288F5 /* SwiftUI-training-TodoList.app */ = {isa = PBXFileReference; explicitFileType = wrapper.application; includeInIndex = 0; path = "SwiftUI-training-TodoList.app"; sourceTree = BUILT_PRODUCTS_DIR; };
		456DFBF926BD1E6C004288F5 /* SwiftUI_training_TodoListApp.swift */ = {isa = PBXFileReference; lastKnownFileType = sourcecode.swift; path = SwiftUI_training_TodoListApp.swift; sourceTree = "<group>"; };
		456DFBFD26BD1E6D004288F5 /* Assets.xcassets */ = {isa = PBXFileReference; lastKnownFileType = folder.assetcatalog; path = Assets.xcassets; sourceTree = "<group>"; };
		456DFC0026BD1E6D004288F5 /* Preview Assets.xcassets */ = {isa = PBXFileReference; lastKnownFileType = folder.assetcatalog; path = "Preview Assets.xcassets"; sourceTree = "<group>"; };
		456DFC0526BD1E6D004288F5 /* SwiftUI_training_TodoList.xcdatamodel */ = {isa = PBXFileReference; lastKnownFileType = wrapper.xcdatamodel; path = SwiftUI_training_TodoList.xcdatamodel; sourceTree = "<group>"; };
		456DFC0726BD1E6D004288F5 /* Info.plist */ = {isa = PBXFileReference; lastKnownFileType = text.plist.xml; path = Info.plist; sourceTree = "<group>"; };
		4571909F27532B2F0020E9D5 /* CoreDataEnvironment.swift */ = {isa = PBXFileReference; lastKnownFileType = sourcecode.swift; path = CoreDataEnvironment.swift; sourceTree = "<group>"; };
		4579B3BB26CFFF4100FA7A7A /* TodoInfoDataStore.swift */ = {isa = PBXFileReference; lastKnownFileType = sourcecode.swift; path = TodoInfoDataStore.swift; sourceTree = "<group>"; };
		45A80E3127783AE700984ADB /* CoreDataInsertPublisherTest.swift */ = {isa = PBXFileReference; lastKnownFileType = sourcecode.swift; path = CoreDataInsertPublisherTest.swift; sourceTree = "<group>"; };
		45AF9DE227056CA0008E7613 /* TodoListViewModel.swift */ = {isa = PBXFileReference; lastKnownFileType = sourcecode.swift; path = TodoListViewModel.swift; sourceTree = "<group>"; };
		45AF9DE4270B3A19008E7613 /* TodoListView.swift */ = {isa = PBXFileReference; lastKnownFileType = sourcecode.swift; path = TodoListView.swift; sourceTree = "<group>"; };
		45AF9DE8270B458C008E7613 /* TodoCellView.swift */ = {isa = PBXFileReference; lastKnownFileType = sourcecode.swift; path = TodoCellView.swift; sourceTree = "<group>"; };
		45AF9DEC270F2A4F008E7613 /* TodoInfo.swift */ = {isa = PBXFileReference; lastKnownFileType = sourcecode.swift; path = TodoInfo.swift; sourceTree = "<group>"; };
		45AF9DEE27113B48008E7613 /* CoreDataSavePublisher.swift */ = {isa = PBXFileReference; lastKnownFileType = sourcecode.swift; path = CoreDataSavePublisher.swift; sourceTree = "<group>"; };
		45AF9DF027114095008E7613 /* Todo+CoreDataClass.swift */ = {isa = PBXFileReference; lastKnownFileType = sourcecode.swift; path = "Todo+CoreDataClass.swift"; sourceTree = "<group>"; };
		45AF9DF127114095008E7613 /* Todo+CoreDataProperties.swift */ = {isa = PBXFileReference; lastKnownFileType = sourcecode.swift; path = "Todo+CoreDataProperties.swift"; sourceTree = "<group>"; };
		45AF9DF4271172BD008E7613 /* CoreDataFetchPublisher.swift */ = {isa = PBXFileReference; lastKnownFileType = sourcecode.swift; path = CoreDataFetchPublisher.swift; sourceTree = "<group>"; };
		45AF9DF627118466008E7613 /* CoreDataDeletePublisher.swift */ = {isa = PBXFileReference; lastKnownFileType = sourcecode.swift; path = CoreDataDeletePublisher.swift; sourceTree = "<group>"; };
		45AF9DF827145C4F008E7613 /* CoreDataInsertPublisher.swift */ = {isa = PBXFileReference; lastKnownFileType = sourcecode.swift; path = CoreDataInsertPublisher.swift; sourceTree = "<group>"; };
		45AF9DFA2719D0E1008E7613 /* NewTodoView.swift */ = {isa = PBXFileReference; lastKnownFileType = sourcecode.swift; path = NewTodoView.swift; sourceTree = "<group>"; };
		45AF9DFC2719D401008E7613 /* NewTodoViewModel.swift */ = {isa = PBXFileReference; lastKnownFileType = sourcecode.swift; path = NewTodoViewModel.swift; sourceTree = "<group>"; };
/* End PBXFileReference section */

/* Begin PBXFrameworksBuildPhase section */
		45035C9B272CEA6100E07826 /* Frameworks */ = {
			isa = PBXFrameworksBuildPhase;
			buildActionMask = 2147483647;
			files = (
			);
			runOnlyForDeploymentPostprocessing = 0;
		};
		456DFBF326BD1E6C004288F5 /* Frameworks */ = {
			isa = PBXFrameworksBuildPhase;
			buildActionMask = 2147483647;
			files = (
			);
			runOnlyForDeploymentPostprocessing = 0;
		};
/* End PBXFrameworksBuildPhase section */

/* Begin PBXGroup section */
		45035C9F272CEA6100E07826 /* SwiftUI-training-TodoListTests */ = {
			isa = PBXGroup;
			children = (
				45035CA7272CEA7400E07826 /* DataStore */,
			);
			path = "SwiftUI-training-TodoListTests";
			sourceTree = "<group>";
		};
		45035CA7272CEA7400E07826 /* DataStore */ = {
			isa = PBXGroup;
			children = (
				45035CA8272CEA9500E07826 /* TodoInfoDataStoreTest.swift */,
				45A80E3127783AE700984ADB /* CoreDataInsertPublisherTest.swift */,
			);
			path = DataStore;
			sourceTree = "<group>";
		};
		45035CAF2748C77B00E07826 /* Environment */ = {
			isa = PBXGroup;
			children = (
				45035CAD2748C76700E07826 /* AppRouter.swift */,
			);
			path = Environment;
			sourceTree = "<group>";
		};
		453BD5CC26D9D3AA00271C14 /* DataStore */ = {
			isa = PBXGroup;
			children = (
				45AF9DF027114095008E7613 /* Todo+CoreDataClass.swift */,
				4579B3BB26CFFF4100FA7A7A /* TodoInfoDataStore.swift */,
				451B941A26EBAC690006975E /* CoreDataManager.swift */,
				45AF9DEE27113B48008E7613 /* CoreDataSavePublisher.swift */,
				45AF9DF4271172BD008E7613 /* CoreDataFetchPublisher.swift */,
				45AF9DF627118466008E7613 /* CoreDataDeletePublisher.swift */,
				45AF9DF827145C4F008E7613 /* CoreDataInsertPublisher.swift */,
				4571909F27532B2F0020E9D5 /* CoreDataEnvironment.swift */,
			);
			path = DataStore;
			sourceTree = "<group>";
		};
		453BD5CD26D9D3B100271C14 /* Entity */ = {
			isa = PBXGroup;
			children = (
				45AF9DF127114095008E7613 /* Todo+CoreDataProperties.swift */,
				456DFC0426BD1E6D004288F5 /* SwiftUI_training_TodoList.xcdatamodeld */,
			);
			path = Entity;
			sourceTree = "<group>";
		};
		456DFBED26BD1E6C004288F5 = {
			isa = PBXGroup;
			children = (
				456DFBF826BD1E6C004288F5 /* SwiftUI-training-TodoList */,
				45035C9F272CEA6100E07826 /* SwiftUI-training-TodoListTests */,
				456DFBF726BD1E6C004288F5 /* Products */,
			);
			sourceTree = "<group>";
		};
		456DFBF726BD1E6C004288F5 /* Products */ = {
			isa = PBXGroup;
			children = (
				456DFBF626BD1E6C004288F5 /* SwiftUI-training-TodoList.app */,
				45035C9E272CEA6100E07826 /* SwiftUI-training-TodoListTests.xctest */,
			);
			name = Products;
			sourceTree = "<group>";
		};
		456DFBF826BD1E6C004288F5 /* SwiftUI-training-TodoList */ = {
			isa = PBXGroup;
			children = (
				45035CAF2748C77B00E07826 /* Environment */,
				4579B3BA26CFFEEA00FA7A7A /* Application */,
				4579B3B926CFFE6200FA7A7A /* Infrastructure */,
				456DFBFD26BD1E6D004288F5 /* Assets.xcassets */,
				456DFC0726BD1E6D004288F5 /* Info.plist */,
				456DFBFF26BD1E6D004288F5 /* Preview Content */,
			);
			path = "SwiftUI-training-TodoList";
			sourceTree = "<group>";
		};
		456DFBFF26BD1E6D004288F5 /* Preview Content */ = {
			isa = PBXGroup;
			children = (
				456DFC0026BD1E6D004288F5 /* Preview Assets.xcassets */,
			);
			path = "Preview Content";
			sourceTree = "<group>";
		};
		4579B3B926CFFE6200FA7A7A /* Infrastructure */ = {
			isa = PBXGroup;
			children = (
				453BD5CD26D9D3B100271C14 /* Entity */,
				453BD5CC26D9D3AA00271C14 /* DataStore */,
			);
			path = Infrastructure;
			sourceTree = "<group>";
		};
		4579B3BA26CFFEEA00FA7A7A /* Application */ = {
			isa = PBXGroup;
			children = (
				456DFBF926BD1E6C004288F5 /* SwiftUI_training_TodoListApp.swift */,
				45AF9DE227056CA0008E7613 /* TodoListViewModel.swift */,
				45AF9DE4270B3A19008E7613 /* TodoListView.swift */,
				45AF9DE8270B458C008E7613 /* TodoCellView.swift */,
				45AF9DEC270F2A4F008E7613 /* TodoInfo.swift */,
				45AF9DFA2719D0E1008E7613 /* NewTodoView.swift */,
				45AF9DFC2719D401008E7613 /* NewTodoViewModel.swift */,
			);
			path = Application;
			sourceTree = "<group>";
		};
/* End PBXGroup section */

/* Begin PBXNativeTarget section */
		45035C9D272CEA6100E07826 /* SwiftUI-training-TodoListTests */ = {
			isa = PBXNativeTarget;
			buildConfigurationList = 45035CA4272CEA6100E07826 /* Build configuration list for PBXNativeTarget "SwiftUI-training-TodoListTests" */;
			buildPhases = (
				45035C9A272CEA6100E07826 /* Sources */,
				45035C9B272CEA6100E07826 /* Frameworks */,
				45035C9C272CEA6100E07826 /* Resources */,
			);
			buildRules = (
			);
			dependencies = (
				45035CA3272CEA6100E07826 /* PBXTargetDependency */,
			);
			name = "SwiftUI-training-TodoListTests";
			productName = "SwiftUI-training-TodoListTests";
			productReference = 45035C9E272CEA6100E07826 /* SwiftUI-training-TodoListTests.xctest */;
			productType = "com.apple.product-type.bundle.unit-test";
		};
		456DFBF526BD1E6C004288F5 /* SwiftUI-training-TodoList */ = {
			isa = PBXNativeTarget;
			buildConfigurationList = 456DFC0A26BD1E6D004288F5 /* Build configuration list for PBXNativeTarget "SwiftUI-training-TodoList" */;
			buildPhases = (
				456DFBF226BD1E6C004288F5 /* Sources */,
				456DFBF326BD1E6C004288F5 /* Frameworks */,
				456DFBF426BD1E6C004288F5 /* Resources */,
			);
			buildRules = (
			);
			dependencies = (
			);
			name = "SwiftUI-training-TodoList";
			productName = "SwiftUI-training-TodoList";
			productReference = 456DFBF626BD1E6C004288F5 /* SwiftUI-training-TodoList.app */;
			productType = "com.apple.product-type.application";
		};
/* End PBXNativeTarget section */

/* Begin PBXProject section */
		456DFBEE26BD1E6C004288F5 /* Project object */ = {
			isa = PBXProject;
			attributes = {
				LastSwiftUpdateCheck = 1300;
				LastUpgradeCheck = 1240;
				TargetAttributes = {
					45035C9D272CEA6100E07826 = {
						CreatedOnToolsVersion = 13.0;
						TestTargetID = 456DFBF526BD1E6C004288F5;
					};
					456DFBF526BD1E6C004288F5 = {
						CreatedOnToolsVersion = 12.4;
					};
				};
			};
			buildConfigurationList = 456DFBF126BD1E6C004288F5 /* Build configuration list for PBXProject "SwiftUI-training-TodoList" */;
			compatibilityVersion = "Xcode 9.3";
			developmentRegion = en;
			hasScannedForEncodings = 0;
			knownRegions = (
				en,
				Base,
			);
			mainGroup = 456DFBED26BD1E6C004288F5;
			productRefGroup = 456DFBF726BD1E6C004288F5 /* Products */;
			projectDirPath = "";
			projectRoot = "";
			targets = (
				456DFBF526BD1E6C004288F5 /* SwiftUI-training-TodoList */,
				45035C9D272CEA6100E07826 /* SwiftUI-training-TodoListTests */,
			);
		};
/* End PBXProject section */

/* Begin PBXResourcesBuildPhase section */
		45035C9C272CEA6100E07826 /* Resources */ = {
			isa = PBXResourcesBuildPhase;
			buildActionMask = 2147483647;
			files = (
			);
			runOnlyForDeploymentPostprocessing = 0;
		};
		456DFBF426BD1E6C004288F5 /* Resources */ = {
			isa = PBXResourcesBuildPhase;
			buildActionMask = 2147483647;
			files = (
				456DFC0126BD1E6D004288F5 /* Preview Assets.xcassets in Resources */,
				456DFBFE26BD1E6D004288F5 /* Assets.xcassets in Resources */,
			);
			runOnlyForDeploymentPostprocessing = 0;
		};
/* End PBXResourcesBuildPhase section */

/* Begin PBXSourcesBuildPhase section */
		45035C9A272CEA6100E07826 /* Sources */ = {
			isa = PBXSourcesBuildPhase;
			buildActionMask = 2147483647;
			files = (
				45A80E3227783AE700984ADB /* CoreDataInsertPublisherTest.swift in Sources */,
				45035CA9272CEA9500E07826 /* TodoInfoDataStoreTest.swift in Sources */,
			);
			runOnlyForDeploymentPostprocessing = 0;
		};
		456DFBF226BD1E6C004288F5 /* Sources */ = {
			isa = PBXSourcesBuildPhase;
			buildActionMask = 2147483647;
			files = (
				45AF9DFD2719D401008E7613 /* NewTodoViewModel.swift in Sources */,
				456DFC0626BD1E6D004288F5 /* SwiftUI_training_TodoList.xcdatamodeld in Sources */,
				45AF9DE5270B3A19008E7613 /* TodoListView.swift in Sources */,
				4579B3BC26CFFF4100FA7A7A /* TodoInfoDataStore.swift in Sources */,
				45AF9DF227114095008E7613 /* Todo+CoreDataClass.swift in Sources */,
				45AF9DF927145C4F008E7613 /* CoreDataInsertPublisher.swift in Sources */,
				45AF9DEF27113B48008E7613 /* CoreDataSavePublisher.swift in Sources */,
				45AF9DE327056CA0008E7613 /* TodoListViewModel.swift in Sources */,
				457190A027532B2F0020E9D5 /* CoreDataEnvironment.swift in Sources */,
				45AF9DF5271172BD008E7613 /* CoreDataFetchPublisher.swift in Sources */,
				45AF9DE9270B458C008E7613 /* TodoCellView.swift in Sources */,
				45AF9DF327114095008E7613 /* Todo+CoreDataProperties.swift in Sources */,
				45AF9DED270F2A4F008E7613 /* TodoInfo.swift in Sources */,
				45AF9DF727118466008E7613 /* CoreDataDeletePublisher.swift in Sources */,
				45AF9DFB2719D0E1008E7613 /* NewTodoView.swift in Sources */,
				451B941B26EBAC690006975E /* CoreDataManager.swift in Sources */,
				45035CAE2748C76700E07826 /* AppRouter.swift in Sources */,
				456DFBFA26BD1E6C004288F5 /* SwiftUI_training_TodoListApp.swift in Sources */,
			);
			runOnlyForDeploymentPostprocessing = 0;
		};
/* End PBXSourcesBuildPhase section */

/* Begin PBXTargetDependency section */
		45035CA3272CEA6100E07826 /* PBXTargetDependency */ = {
			isa = PBXTargetDependency;
			target = 456DFBF526BD1E6C004288F5 /* SwiftUI-training-TodoList */;
			targetProxy = 45035CA2272CEA6100E07826 /* PBXContainerItemProxy */;
		};
/* End PBXTargetDependency section */

/* Begin XCBuildConfiguration section */
		45035CA5272CEA6100E07826 /* Debug */ = {
			isa = XCBuildConfiguration;
			buildSettings = {
				BUNDLE_LOADER = "$(TEST_HOST)";
				CLANG_CXX_LANGUAGE_STANDARD = "gnu++17";
				CODE_SIGN_STYLE = Automatic;
				CURRENT_PROJECT_VERSION = 1;
				DEVELOPMENT_TEAM = PC429995YF;
				GENERATE_INFOPLIST_FILE = YES;
				IPHONEOS_DEPLOYMENT_TARGET = 15.0;
				LD_RUNPATH_SEARCH_PATHS = (
					"$(inherited)",
					"@executable_path/Frameworks",
					"@loader_path/Frameworks",
				);
				MARKETING_VERSION = 1.0;
				PRODUCT_BUNDLE_IDENTIFIER = "com.kawahara.SwiftUI-training-TodoListTests";
				PRODUCT_NAME = "$(TARGET_NAME)";
				SWIFT_EMIT_LOC_STRINGS = NO;
				SWIFT_VERSION = 5.0;
				TARGETED_DEVICE_FAMILY = "1,2";
				TEST_HOST = "$(BUILT_PRODUCTS_DIR)/SwiftUI-training-TodoList.app/SwiftUI-training-TodoList";
			};
			name = Debug;
		};
		45035CA6272CEA6100E07826 /* Release */ = {
			isa = XCBuildConfiguration;
			buildSettings = {
				BUNDLE_LOADER = "$(TEST_HOST)";
				CLANG_CXX_LANGUAGE_STANDARD = "gnu++17";
				CODE_SIGN_STYLE = Automatic;
				CURRENT_PROJECT_VERSION = 1;
				DEVELOPMENT_TEAM = PC429995YF;
				GENERATE_INFOPLIST_FILE = YES;
				IPHONEOS_DEPLOYMENT_TARGET = 15.0;
				LD_RUNPATH_SEARCH_PATHS = (
					"$(inherited)",
					"@executable_path/Frameworks",
					"@loader_path/Frameworks",
				);
				MARKETING_VERSION = 1.0;
				PRODUCT_BUNDLE_IDENTIFIER = "com.kawahara.SwiftUI-training-TodoListTests";
				PRODUCT_NAME = "$(TARGET_NAME)";
				SWIFT_EMIT_LOC_STRINGS = NO;
				SWIFT_VERSION = 5.0;
				TARGETED_DEVICE_FAMILY = "1,2";
				TEST_HOST = "$(BUILT_PRODUCTS_DIR)/SwiftUI-training-TodoList.app/SwiftUI-training-TodoList";
			};
			name = Release;
		};
		456DFC0826BD1E6D004288F5 /* Debug */ = {
			isa = XCBuildConfiguration;
			buildSettings = {
				ALWAYS_SEARCH_USER_PATHS = NO;
				CLANG_ANALYZER_NONNULL = YES;
				CLANG_ANALYZER_NUMBER_OBJECT_CONVERSION = YES_AGGRESSIVE;
				CLANG_CXX_LANGUAGE_STANDARD = "gnu++14";
				CLANG_CXX_LIBRARY = "libc++";
				CLANG_ENABLE_MODULES = YES;
				CLANG_ENABLE_OBJC_ARC = YES;
				CLANG_ENABLE_OBJC_WEAK = YES;
				CLANG_WARN_BLOCK_CAPTURE_AUTORELEASING = YES;
				CLANG_WARN_BOOL_CONVERSION = YES;
				CLANG_WARN_COMMA = YES;
				CLANG_WARN_CONSTANT_CONVERSION = YES;
				CLANG_WARN_DEPRECATED_OBJC_IMPLEMENTATIONS = YES;
				CLANG_WARN_DIRECT_OBJC_ISA_USAGE = YES_ERROR;
				CLANG_WARN_DOCUMENTATION_COMMENTS = YES;
				CLANG_WARN_EMPTY_BODY = YES;
				CLANG_WARN_ENUM_CONVERSION = YES;
				CLANG_WARN_INFINITE_RECURSION = YES;
				CLANG_WARN_INT_CONVERSION = YES;
				CLANG_WARN_NON_LITERAL_NULL_CONVERSION = YES;
				CLANG_WARN_OBJC_IMPLICIT_RETAIN_SELF = YES;
				CLANG_WARN_OBJC_LITERAL_CONVERSION = YES;
				CLANG_WARN_OBJC_ROOT_CLASS = YES_ERROR;
				CLANG_WARN_QUOTED_INCLUDE_IN_FRAMEWORK_HEADER = YES;
				CLANG_WARN_RANGE_LOOP_ANALYSIS = YES;
				CLANG_WARN_STRICT_PROTOTYPES = YES;
				CLANG_WARN_SUSPICIOUS_MOVE = YES;
				CLANG_WARN_UNGUARDED_AVAILABILITY = YES_AGGRESSIVE;
				CLANG_WARN_UNREACHABLE_CODE = YES;
				CLANG_WARN__DUPLICATE_METHOD_MATCH = YES;
				COPY_PHASE_STRIP = NO;
				DEBUG_INFORMATION_FORMAT = dwarf;
				ENABLE_STRICT_OBJC_MSGSEND = YES;
				ENABLE_TESTABILITY = YES;
				GCC_C_LANGUAGE_STANDARD = gnu11;
				GCC_DYNAMIC_NO_PIC = NO;
				GCC_NO_COMMON_BLOCKS = YES;
				GCC_OPTIMIZATION_LEVEL = 0;
				GCC_PREPROCESSOR_DEFINITIONS = (
					"DEBUG=1",
					"$(inherited)",
				);
				GCC_WARN_64_TO_32_BIT_CONVERSION = YES;
				GCC_WARN_ABOUT_RETURN_TYPE = YES_ERROR;
				GCC_WARN_UNDECLARED_SELECTOR = YES;
				GCC_WARN_UNINITIALIZED_AUTOS = YES_AGGRESSIVE;
				GCC_WARN_UNUSED_FUNCTION = YES;
				GCC_WARN_UNUSED_VARIABLE = YES;
				IPHONEOS_DEPLOYMENT_TARGET = 14.4;
				MTL_ENABLE_DEBUG_INFO = INCLUDE_SOURCE;
				MTL_FAST_MATH = YES;
				ONLY_ACTIVE_ARCH = YES;
				SDKROOT = iphoneos;
				SWIFT_ACTIVE_COMPILATION_CONDITIONS = DEBUG;
				SWIFT_OPTIMIZATION_LEVEL = "-Onone";
			};
			name = Debug;
		};
		456DFC0926BD1E6D004288F5 /* Release */ = {
			isa = XCBuildConfiguration;
			buildSettings = {
				ALWAYS_SEARCH_USER_PATHS = NO;
				CLANG_ANALYZER_NONNULL = YES;
				CLANG_ANALYZER_NUMBER_OBJECT_CONVERSION = YES_AGGRESSIVE;
				CLANG_CXX_LANGUAGE_STANDARD = "gnu++14";
				CLANG_CXX_LIBRARY = "libc++";
				CLANG_ENABLE_MODULES = YES;
				CLANG_ENABLE_OBJC_ARC = YES;
				CLANG_ENABLE_OBJC_WEAK = YES;
				CLANG_WARN_BLOCK_CAPTURE_AUTORELEASING = YES;
				CLANG_WARN_BOOL_CONVERSION = YES;
				CLANG_WARN_COMMA = YES;
				CLANG_WARN_CONSTANT_CONVERSION = YES;
				CLANG_WARN_DEPRECATED_OBJC_IMPLEMENTATIONS = YES;
				CLANG_WARN_DIRECT_OBJC_ISA_USAGE = YES_ERROR;
				CLANG_WARN_DOCUMENTATION_COMMENTS = YES;
				CLANG_WARN_EMPTY_BODY = YES;
				CLANG_WARN_ENUM_CONVERSION = YES;
				CLANG_WARN_INFINITE_RECURSION = YES;
				CLANG_WARN_INT_CONVERSION = YES;
				CLANG_WARN_NON_LITERAL_NULL_CONVERSION = YES;
				CLANG_WARN_OBJC_IMPLICIT_RETAIN_SELF = YES;
				CLANG_WARN_OBJC_LITERAL_CONVERSION = YES;
				CLANG_WARN_OBJC_ROOT_CLASS = YES_ERROR;
				CLANG_WARN_QUOTED_INCLUDE_IN_FRAMEWORK_HEADER = YES;
				CLANG_WARN_RANGE_LOOP_ANALYSIS = YES;
				CLANG_WARN_STRICT_PROTOTYPES = YES;
				CLANG_WARN_SUSPICIOUS_MOVE = YES;
				CLANG_WARN_UNGUARDED_AVAILABILITY = YES_AGGRESSIVE;
				CLANG_WARN_UNREACHABLE_CODE = YES;
				CLANG_WARN__DUPLICATE_METHOD_MATCH = YES;
				COPY_PHASE_STRIP = NO;
				DEBUG_INFORMATION_FORMAT = "dwarf-with-dsym";
				ENABLE_NS_ASSERTIONS = NO;
				ENABLE_STRICT_OBJC_MSGSEND = YES;
				GCC_C_LANGUAGE_STANDARD = gnu11;
				GCC_NO_COMMON_BLOCKS = YES;
				GCC_WARN_64_TO_32_BIT_CONVERSION = YES;
				GCC_WARN_ABOUT_RETURN_TYPE = YES_ERROR;
				GCC_WARN_UNDECLARED_SELECTOR = YES;
				GCC_WARN_UNINITIALIZED_AUTOS = YES_AGGRESSIVE;
				GCC_WARN_UNUSED_FUNCTION = YES;
				GCC_WARN_UNUSED_VARIABLE = YES;
				IPHONEOS_DEPLOYMENT_TARGET = 14.4;
				MTL_ENABLE_DEBUG_INFO = NO;
				MTL_FAST_MATH = YES;
				SDKROOT = iphoneos;
				SWIFT_COMPILATION_MODE = wholemodule;
				SWIFT_OPTIMIZATION_LEVEL = "-O";
				VALIDATE_PRODUCT = YES;
			};
			name = Release;
		};
		456DFC0B26BD1E6D004288F5 /* Debug */ = {
			isa = XCBuildConfiguration;
			buildSettings = {
				ASSETCATALOG_COMPILER_APPICON_NAME = AppIcon;
				ASSETCATALOG_COMPILER_GLOBAL_ACCENT_COLOR_NAME = AccentColor;
				CODE_SIGN_STYLE = Automatic;
				DEVELOPMENT_ASSET_PATHS = "\"SwiftUI-training-TodoList/Preview Content\"";
				DEVELOPMENT_TEAM = PC429995YF;
				ENABLE_PREVIEWS = YES;
				INFOPLIST_FILE = "SwiftUI-training-TodoList/Info.plist";
				IPHONEOS_DEPLOYMENT_TARGET = 15.0;
				LD_RUNPATH_SEARCH_PATHS = (
					"$(inherited)",
					"@executable_path/Frameworks",
				);
				PRODUCT_BUNDLE_IDENTIFIER = "com.kawahara.SwiftUI-training-TodoList";
				PRODUCT_NAME = "$(TARGET_NAME)";
				SWIFT_VERSION = 5.0;
				TARGETED_DEVICE_FAMILY = "1,2";
			};
			name = Debug;
		};
		456DFC0C26BD1E6D004288F5 /* Release */ = {
			isa = XCBuildConfiguration;
			buildSettings = {
				ASSETCATALOG_COMPILER_APPICON_NAME = AppIcon;
				ASSETCATALOG_COMPILER_GLOBAL_ACCENT_COLOR_NAME = AccentColor;
				CODE_SIGN_STYLE = Automatic;
				DEVELOPMENT_ASSET_PATHS = "\"SwiftUI-training-TodoList/Preview Content\"";
				DEVELOPMENT_TEAM = PC429995YF;
				ENABLE_PREVIEWS = YES;
				INFOPLIST_FILE = "SwiftUI-training-TodoList/Info.plist";
				IPHONEOS_DEPLOYMENT_TARGET = 15.0;
				LD_RUNPATH_SEARCH_PATHS = (
					"$(inherited)",
					"@executable_path/Frameworks",
				);
				PRODUCT_BUNDLE_IDENTIFIER = "com.kawahara.SwiftUI-training-TodoList";
				PRODUCT_NAME = "$(TARGET_NAME)";
				SWIFT_VERSION = 5.0;
				TARGETED_DEVICE_FAMILY = "1,2";
			};
			name = Release;
		};
/* End XCBuildConfiguration section */

/* Begin XCConfigurationList section */
		45035CA4272CEA6100E07826 /* Build configuration list for PBXNativeTarget "SwiftUI-training-TodoListTests" */ = {
			isa = XCConfigurationList;
			buildConfigurations = (
				45035CA5272CEA6100E07826 /* Debug */,
				45035CA6272CEA6100E07826 /* Release */,
			);
			defaultConfigurationIsVisible = 0;
			defaultConfigurationName = Release;
		};
		456DFBF126BD1E6C004288F5 /* Build configuration list for PBXProject "SwiftUI-training-TodoList" */ = {
			isa = XCConfigurationList;
			buildConfigurations = (
				456DFC0826BD1E6D004288F5 /* Debug */,
				456DFC0926BD1E6D004288F5 /* Release */,
			);
			defaultConfigurationIsVisible = 0;
			defaultConfigurationName = Release;
		};
		456DFC0A26BD1E6D004288F5 /* Build configuration list for PBXNativeTarget "SwiftUI-training-TodoList" */ = {
			isa = XCConfigurationList;
			buildConfigurations = (
				456DFC0B26BD1E6D004288F5 /* Debug */,
				456DFC0C26BD1E6D004288F5 /* Release */,
			);
			defaultConfigurationIsVisible = 0;
			defaultConfigurationName = Release;
		};
/* End XCConfigurationList section */

/* Begin XCVersionGroup section */
		456DFC0426BD1E6D004288F5 /* SwiftUI_training_TodoList.xcdatamodeld */ = {
			isa = XCVersionGroup;
			children = (
				456DFC0526BD1E6D004288F5 /* SwiftUI_training_TodoList.xcdatamodel */,
			);
			currentVersion = 456DFC0526BD1E6D004288F5 /* SwiftUI_training_TodoList.xcdatamodel */;
			path = SwiftUI_training_TodoList.xcdatamodeld;
			sourceTree = "<group>";
			versionGroupType = wrapper.xcdatamodel;
		};
/* End XCVersionGroup section */
	};
	rootObject = 456DFBEE26BD1E6C004288F5 /* Project object */;
}
