// !$*UTF8*$!
{
	archiveVersion = 1;
	classes = {
	};
	objectVersion = 50;
	objects = {

/* Begin PBXBuildFile section */
		456DFBFA26BD1E6C004288F5 /* SwiftUI_training_TodoListApp.swift in Sources */ = {isa = PBXBuildFile; fileRef = 456DFBF926BD1E6C004288F5 /* SwiftUI_training_TodoListApp.swift */; };
		456DFBFC26BD1E6C004288F5 /* ContentView.swift in Sources */ = {isa = PBXBuildFile; fileRef = 456DFBFB26BD1E6C004288F5 /* ContentView.swift */; };
		456DFBFE26BD1E6D004288F5 /* Assets.xcassets in Resources */ = {isa = PBXBuildFile; fileRef = 456DFBFD26BD1E6D004288F5 /* Assets.xcassets */; };
		456DFC0126BD1E6D004288F5 /* Preview Assets.xcassets in Resources */ = {isa = PBXBuildFile; fileRef = 456DFC0026BD1E6D004288F5 /* Preview Assets.xcassets */; };
		456DFC0326BD1E6D004288F5 /* Persistence.swift in Sources */ = {isa = PBXBuildFile; fileRef = 456DFC0226BD1E6D004288F5 /* Persistence.swift */; };
		456DFC0626BD1E6D004288F5 /* SwiftUI_training_TodoList.xcdatamodeld in Sources */ = {isa = PBXBuildFile; fileRef = 456DFC0426BD1E6D004288F5 /* SwiftUI_training_TodoList.xcdatamodeld */; };
/* End PBXBuildFile section */

/* Begin PBXFileReference section */
		456DFBF626BD1E6C004288F5 /* SwiftUI-training-TodoList.app */ = {isa = PBXFileReference; explicitFileType = wrapper.application; includeInIndex = 0; path = "SwiftUI-training-TodoList.app"; sourceTree = BUILT_PRODUCTS_DIR; };
		456DFBF926BD1E6C004288F5 /* SwiftUI_training_TodoListApp.swift */ = {isa = PBXFileReference; lastKnownFileType = sourcecode.swift; path = SwiftUI_training_TodoListApp.swift; sourceTree = "<group>"; };
		456DFBFB26BD1E6C004288F5 /* ContentView.swift */ = {isa = PBXFileReference; lastKnownFileType = sourcecode.swift; path = ContentView.swift; sourceTree = "<group>"; };
		456DFBFD26BD1E6D004288F5 /* Assets.xcassets */ = {isa = PBXFileReference; lastKnownFileType = folder.assetcatalog; path = Assets.xcassets; sourceTree = "<group>"; };
		456DFC0026BD1E6D004288F5 /* Preview Assets.xcassets */ = {isa = PBXFileReference; lastKnownFileType = folder.assetcatalog; path = "Preview Assets.xcassets"; sourceTree = "<group>"; };
		456DFC0226BD1E6D004288F5 /* Persistence.swift */ = {isa = PBXFileReference; lastKnownFileType = sourcecode.swift; path = Persistence.swift; sourceTree = "<group>"; };
		456DFC0526BD1E6D004288F5 /* SwiftUI_training_TodoList.xcdatamodel */ = {isa = PBXFileReference; lastKnownFileType = wrapper.xcdatamodel; path = SwiftUI_training_TodoList.xcdatamodel; sourceTree = "<group>"; };
		456DFC0726BD1E6D004288F5 /* Info.plist */ = {isa = PBXFileReference; lastKnownFileType = text.plist.xml; path = Info.plist; sourceTree = "<group>"; };
/* End PBXFileReference section */

/* Begin PBXFrameworksBuildPhase section */
		456DFBF326BD1E6C004288F5 /* Frameworks */ = {
			isa = PBXFrameworksBuildPhase;
			buildActionMask = 2147483647;
			files = (
			);
			runOnlyForDeploymentPostprocessing = 0;
		};
/* End PBXFrameworksBuildPhase section */

/* Begin PBXGroup section */
		456DFBED26BD1E6C004288F5 = {
			isa = PBXGroup;
			children = (
				456DFBF826BD1E6C004288F5 /* SwiftUI-training-TodoList */,
				456DFBF726BD1E6C004288F5 /* Products */,
			);
			sourceTree = "<group>";
		};
		456DFBF726BD1E6C004288F5 /* Products */ = {
			isa = PBXGroup;
			children = (
				456DFBF626BD1E6C004288F5 /* SwiftUI-training-TodoList.app */,
			);
			name = Products;
			sourceTree = "<group>";
		};
		456DFBF826BD1E6C004288F5 /* SwiftUI-training-TodoList */ = {
			isa = PBXGroup;
			children = (
				456DFBF926BD1E6C004288F5 /* SwiftUI_training_TodoListApp.swift */,
				456DFBFB26BD1E6C004288F5 /* ContentView.swift */,
				456DFBFD26BD1E6D004288F5 /* Assets.xcassets */,
				456DFC0226BD1E6D004288F5 /* Persistence.swift */,
				456DFC0726BD1E6D004288F5 /* Info.plist */,
				456DFC0426BD1E6D004288F5 /* SwiftUI_training_TodoList.xcdatamodeld */,
				456DFBFF26BD1E6D004288F5 /* Preview Content */,
			);
			path = "SwiftUI-training-TodoList";
			sourceTree = "<group>";
		};
		456DFBFF26BD1E6D004288F5 /* Preview Content */ = {
			isa = PBXGroup;
			children = (
				456DFC0026BD1E6D004288F5 /* Preview Assets.xcassets */,
			);
			path = "Preview Content";
			sourceTree = "<group>";
		};
/* End PBXGroup section */

/* Begin PBXNativeTarget section */
		456DFBF526BD1E6C004288F5 /* SwiftUI-training-TodoList */ = {
			isa = PBXNativeTarget;
			buildConfigurationList = 456DFC0A26BD1E6D004288F5 /* Build configuration list for PBXNativeTarget "SwiftUI-training-TodoList" */;
			buildPhases = (
				456DFBF226BD1E6C004288F5 /* Sources */,
				456DFBF326BD1E6C004288F5 /* Frameworks */,
				456DFBF426BD1E6C004288F5 /* Resources */,
			);
			buildRules = (
			);
			dependencies = (
			);
			name = "SwiftUI-training-TodoList";
			productName = "SwiftUI-training-TodoList";
			productReference = 456DFBF626BD1E6C004288F5 /* SwiftUI-training-TodoList.app */;
			productType = "com.apple.product-type.application";
		};
/* End PBXNativeTarget section */

/* Begin PBXProject section */
		456DFBEE26BD1E6C004288F5 /* Project object */ = {
			isa = PBXProject;
			attributes = {
				LastSwiftUpdateCheck = 1240;
				LastUpgradeCheck = 1240;
				TargetAttributes = {
					456DFBF526BD1E6C004288F5 = {
						CreatedOnToolsVersion = 12.4;
					};
				};
			};
			buildConfigurationList = 456DFBF126BD1E6C004288F5 /* Build configuration list for PBXProject "SwiftUI-training-TodoList" */;
			compatibilityVersion = "Xcode 9.3";
			developmentRegion = en;
			hasScannedForEncodings = 0;
			knownRegions = (
				en,
				Base,
			);
			mainGroup = 456DFBED26BD1E6C004288F5;
			productRefGroup = 456DFBF726BD1E6C004288F5 /* Products */;
			projectDirPath = "";
			projectRoot = "";
			targets = (
				456DFBF526BD1E6C004288F5 /* SwiftUI-training-TodoList */,
			);
		};
/* End PBXProject section */

/* Begin PBXResourcesBuildPhase section */
		456DFBF426BD1E6C004288F5 /* Resources */ = {
			isa = PBXResourcesBuildPhase;
			buildActionMask = 2147483647;
			files = (
				456DFC0126BD1E6D004288F5 /* Preview Assets.xcassets in Resources */,
				456DFBFE26BD1E6D004288F5 /* Assets.xcassets in Resources */,
			);
			runOnlyForDeploymentPostprocessing = 0;
		};
/* End PBXResourcesBuildPhase section */

/* Begin PBXSourcesBuildPhase section */
		456DFBF226BD1E6C004288F5 /* Sources */ = {
			isa = PBXSourcesBuildPhase;
			buildActionMask = 2147483647;
			files = (
				456DFC0326BD1E6D004288F5 /* Persistence.swift in Sources */,
				456DFC0626BD1E6D004288F5 /* SwiftUI_training_TodoList.xcdatamodeld in Sources */,
				456DFBFC26BD1E6C004288F5 /* ContentView.swift in Sources */,
				456DFBFA26BD1E6C004288F5 /* SwiftUI_training_TodoListApp.swift in Sources */,
			);
			runOnlyForDeploymentPostprocessing = 0;
		};
/* End PBXSourcesBuildPhase section */

/* Begin XCBuildConfiguration section */
		456DFC0826BD1E6D004288F5 /* Debug */ = {
			isa = XCBuildConfiguration;
			buildSettings = {
				ALWAYS_SEARCH_USER_PATHS = NO;
				CLANG_ANALYZER_NONNULL = YES;
				CLANG_ANALYZER_NUMBER_OBJECT_CONVERSION = YES_AGGRESSIVE;
				CLANG_CXX_LANGUAGE_STANDARD = "gnu++14";
				CLANG_CXX_LIBRARY = "libc++";
				CLANG_ENABLE_MODULES = YES;
				CLANG_ENABLE_OBJC_ARC = YES;
				CLANG_ENABLE_OBJC_WEAK = YES;
				CLANG_WARN_BLOCK_CAPTURE_AUTORELEASING = YES;
				CLANG_WARN_BOOL_CONVERSION = YES;
				CLANG_WARN_COMMA = YES;
				CLANG_WARN_CONSTANT_CONVERSION = YES;
				CLANG_WARN_DEPRECATED_OBJC_IMPLEMENTATIONS = YES;
				CLANG_WARN_DIRECT_OBJC_ISA_USAGE = YES_ERROR;
				CLANG_WARN_DOCUMENTATION_COMMENTS = YES;
				CLANG_WARN_EMPTY_BODY = YES;
				CLANG_WARN_ENUM_CONVERSION = YES;
				CLANG_WARN_INFINITE_RECURSION = YES;
				CLANG_WARN_INT_CONVERSION = YES;
				CLANG_WARN_NON_LITERAL_NULL_CONVERSION = YES;
				CLANG_WARN_OBJC_IMPLICIT_RETAIN_SELF = YES;
				CLANG_WARN_OBJC_LITERAL_CONVERSION = YES;
				CLANG_WARN_OBJC_ROOT_CLASS = YES_ERROR;
				CLANG_WARN_QUOTED_INCLUDE_IN_FRAMEWORK_HEADER = YES;
				CLANG_WARN_RANGE_LOOP_ANALYSIS = YES;
				CLANG_WARN_STRICT_PROTOTYPES = YES;
				CLANG_WARN_SUSPICIOUS_MOVE = YES;
				CLANG_WARN_UNGUARDED_AVAILABILITY = YES_AGGRESSIVE;
				CLANG_WARN_UNREACHABLE_CODE = YES;
				CLANG_WARN__DUPLICATE_METHOD_MATCH = YES;
				COPY_PHASE_STRIP = NO;
				DEBUG_INFORMATION_FORMAT = dwarf;
				ENABLE_STRICT_OBJC_MSGSEND = YES;
				ENABLE_TESTABILITY = YES;
				GCC_C_LANGUAGE_STANDARD = gnu11;
				GCC_DYNAMIC_NO_PIC = NO;
				GCC_NO_COMMON_BLOCKS = YES;
				GCC_OPTIMIZATION_LEVEL = 0;
				GCC_PREPROCESSOR_DEFINITIONS = (
					"DEBUG=1",
					"$(inherited)",
				);
				GCC_WARN_64_TO_32_BIT_CONVERSION = YES;
				GCC_WARN_ABOUT_RETURN_TYPE = YES_ERROR;
				GCC_WARN_UNDECLARED_SELECTOR = YES;
				GCC_WARN_UNINITIALIZED_AUTOS = YES_AGGRESSIVE;
				GCC_WARN_UNUSED_FUNCTION = YES;
				GCC_WARN_UNUSED_VARIABLE = YES;
				IPHONEOS_DEPLOYMENT_TARGET = 14.4;
				MTL_ENABLE_DEBUG_INFO = INCLUDE_SOURCE;
				MTL_FAST_MATH = YES;
				ONLY_ACTIVE_ARCH = YES;
				SDKROOT = iphoneos;
				SWIFT_ACTIVE_COMPILATION_CONDITIONS = DEBUG;
				SWIFT_OPTIMIZATION_LEVEL = "-Onone";
			};
			name = Debug;
		};
		456DFC0926BD1E6D004288F5 /* Release */ = {
			isa = XCBuildConfiguration;
			buildSettings = {
				ALWAYS_SEARCH_USER_PATHS = NO;
				CLANG_ANALYZER_NONNULL = YES;
				CLANG_ANALYZER_NUMBER_OBJECT_CONVERSION = YES_AGGRESSIVE;
				CLANG_CXX_LANGUAGE_STANDARD = "gnu++14";
				CLANG_CXX_LIBRARY = "libc++";
				CLANG_ENABLE_MODULES = YES;
				CLANG_ENABLE_OBJC_ARC = YES;
				CLANG_ENABLE_OBJC_WEAK = YES;
				CLANG_WARN_BLOCK_CAPTURE_AUTORELEASING = YES;
				CLANG_WARN_BOOL_CONVERSION = YES;
				CLANG_WARN_COMMA = YES;
				CLANG_WARN_CONSTANT_CONVERSION = YES;
				CLANG_WARN_DEPRECATED_OBJC_IMPLEMENTATIONS = YES;
				CLANG_WARN_DIRECT_OBJC_ISA_USAGE = YES_ERROR;
				CLANG_WARN_DOCUMENTATION_COMMENTS = YES;
				CLANG_WARN_EMPTY_BODY = YES;
				CLANG_WARN_ENUM_CONVERSION = YES;
				CLANG_WARN_INFINITE_RECURSION = YES;
				CLANG_WARN_INT_CONVERSION = YES;
				CLANG_WARN_NON_LITERAL_NULL_CONVERSION = YES;
				CLANG_WARN_OBJC_IMPLICIT_RETAIN_SELF = YES;
				CLANG_WARN_OBJC_LITERAL_CONVERSION = YES;
				CLANG_WARN_OBJC_ROOT_CLASS = YES_ERROR;
				CLANG_WARN_QUOTED_INCLUDE_IN_FRAMEWORK_HEADER = YES;
				CLANG_WARN_RANGE_LOOP_ANALYSIS = YES;
				CLANG_WARN_STRICT_PROTOTYPES = YES;
				CLANG_WARN_SUSPICIOUS_MOVE = YES;
				CLANG_WARN_UNGUARDED_AVAILABILITY = YES_AGGRESSIVE;
				CLANG_WARN_UNREACHABLE_CODE = YES;
				CLANG_WARN__DUPLICATE_METHOD_MATCH = YES;
				COPY_PHASE_STRIP = NO;
				DEBUG_INFORMATION_FORMAT = "dwarf-with-dsym";
				ENABLE_NS_ASSERTIONS = NO;
				ENABLE_STRICT_OBJC_MSGSEND = YES;
				GCC_C_LANGUAGE_STANDARD = gnu11;
				GCC_NO_COMMON_BLOCKS = YES;
				GCC_WARN_64_TO_32_BIT_CONVERSION = YES;
				GCC_WARN_ABOUT_RETURN_TYPE = YES_ERROR;
				GCC_WARN_UNDECLARED_SELECTOR = YES;
				GCC_WARN_UNINITIALIZED_AUTOS = YES_AGGRESSIVE;
				GCC_WARN_UNUSED_FUNCTION = YES;
				GCC_WARN_UNUSED_VARIABLE = YES;
				IPHONEOS_DEPLOYMENT_TARGET = 14.4;
				MTL_ENABLE_DEBUG_INFO = NO;
				MTL_FAST_MATH = YES;
				SDKROOT = iphoneos;
				SWIFT_COMPILATION_MODE = wholemodule;
				SWIFT_OPTIMIZATION_LEVEL = "-O";
				VALIDATE_PRODUCT = YES;
			};
			name = Release;
		};
		456DFC0B26BD1E6D004288F5 /* Debug */ = {
			isa = XCBuildConfiguration;
			buildSettings = {
				ASSETCATALOG_COMPILER_APPICON_NAME = AppIcon;
				ASSETCATALOG_COMPILER_GLOBAL_ACCENT_COLOR_NAME = AccentColor;
				CODE_SIGN_STYLE = Automatic;
				DEVELOPMENT_ASSET_PATHS = "\"SwiftUI-training-TodoList/Preview Content\"";
				DEVELOPMENT_TEAM = PC429995YF;
				ENABLE_PREVIEWS = YES;
				INFOPLIST_FILE = "SwiftUI-training-TodoList/Info.plist";
				IPHONEOS_DEPLOYMENT_TARGET = 14.0;
				LD_RUNPATH_SEARCH_PATHS = (
					"$(inherited)",
					"@executable_path/Frameworks",
				);
				PRODUCT_BUNDLE_IDENTIFIER = "com.kawahara.SwiftUI-training-TodoList";
				PRODUCT_NAME = "$(TARGET_NAME)";
				SWIFT_VERSION = 5.0;
				TARGETED_DEVICE_FAMILY = "1,2";
			};
			name = Debug;
		};
		456DFC0C26BD1E6D004288F5 /* Release */ = {
			isa = XCBuildConfiguration;
			buildSettings = {
				ASSETCATALOG_COMPILER_APPICON_NAME = AppIcon;
				ASSETCATALOG_COMPILER_GLOBAL_ACCENT_COLOR_NAME = AccentColor;
				CODE_SIGN_STYLE = Automatic;
				DEVELOPMENT_ASSET_PATHS = "\"SwiftUI-training-TodoList/Preview Content\"";
				DEVELOPMENT_TEAM = PC429995YF;
				ENABLE_PREVIEWS = YES;
				INFOPLIST_FILE = "SwiftUI-training-TodoList/Info.plist";
				IPHONEOS_DEPLOYMENT_TARGET = 14.0;
				LD_RUNPATH_SEARCH_PATHS = (
					"$(inherited)",
					"@executable_path/Frameworks",
				);
				PRODUCT_BUNDLE_IDENTIFIER = "com.kawahara.SwiftUI-training-TodoList";
				PRODUCT_NAME = "$(TARGET_NAME)";
				SWIFT_VERSION = 5.0;
				TARGETED_DEVICE_FAMILY = "1,2";
			};
			name = Release;
		};
/* End XCBuildConfiguration section */

/* Begin XCConfigurationList section */
		456DFBF126BD1E6C004288F5 /* Build configuration list for PBXProject "SwiftUI-training-TodoList" */ = {
			isa = XCConfigurationList;
			buildConfigurations = (
				456DFC0826BD1E6D004288F5 /* Debug */,
				456DFC0926BD1E6D004288F5 /* Release */,
			);
			defaultConfigurationIsVisible = 0;
			defaultConfigurationName = Release;
		};
		456DFC0A26BD1E6D004288F5 /* Build configuration list for PBXNativeTarget "SwiftUI-training-TodoList" */ = {
			isa = XCConfigurationList;
			buildConfigurations = (
				456DFC0B26BD1E6D004288F5 /* Debug */,
				456DFC0C26BD1E6D004288F5 /* Release */,
			);
			defaultConfigurationIsVisible = 0;
			defaultConfigurationName = Release;
		};
/* End XCConfigurationList section */

/* Begin XCVersionGroup section */
		456DFC0426BD1E6D004288F5 /* SwiftUI_training_TodoList.xcdatamodeld */ = {
			isa = XCVersionGroup;
			children = (
				456DFC0526BD1E6D004288F5 /* SwiftUI_training_TodoList.xcdatamodel */,
			);
			currentVersion = 456DFC0526BD1E6D004288F5 /* SwiftUI_training_TodoList.xcdatamodel */;
			path = SwiftUI_training_TodoList.xcdatamodeld;
			sourceTree = "<group>";
			versionGroupType = wrapper.xcdatamodel;
		};
/* End XCVersionGroup section */
	};
	rootObject = 456DFBEE26BD1E6C004288F5 /* Project object */;
}
